
Microsoft Visual Studio Solution File, Format Version 12.00
# Visual Studio 14
VisualStudioVersion = 14.0.25420.1
MinimumVisualStudioVersion = 10.0.40219.1
Project("{FAE04EC0-301F-11D3-BF4B-00C04F79EFBC}") = "Simulator Model", "Simulator Model\Simulator Model.csproj", "{D6B23C5A-2E48-454B-A9B5-B8DA5193DBFE}"
EndProject
Project("{FAE04EC0-301F-11D3-BF4B-00C04F79EFBC}") = "Simulator Interface", "Simulator Interface\Simulator Interface.csproj", "{1EB4FB3E-0103-4652-A0DC-AF2A58FBABF9}"
EndProject
Project("{FAE04EC0-301F-11D3-BF4B-00C04F79EFBC}") = "SimulatorLogic", "SimulatorLogic\SimulatorLogic.csproj", "{803ED676-D262-4F63-A039-1063F54E9CEA}"
EndProject
Project("{FAE04EC0-301F-11D3-BF4B-00C04F79EFBC}") = "SimulatorLogic.Tests", "SimulatorLogic.Tests\SimulatorLogic.Tests.csproj", "{A3AA5A98-0547-40FB-BA22-F17B0C5DA164}"
EndProject
Global
	GlobalSection(SolutionConfigurationPlatforms) = preSolution
		Debug|Any CPU = Debug|Any CPU
		Release|Any CPU = Release|Any CPU
	EndGlobalSection
	GlobalSection(ProjectConfigurationPlatforms) = postSolution
		{D6B23C5A-2E48-454B-A9B5-B8DA5193DBFE}.Debug|Any CPU.ActiveCfg = Release|Any CPU
		{D6B23C5A-2E48-454B-A9B5-B8DA5193DBFE}.Release|Any CPU.ActiveCfg = Release|Any CPU
		{1EB4FB3E-0103-4652-A0DC-AF2A58FBABF9}.Debug|Any CPU.ActiveCfg = Release|Any CPU
		{1EB4FB3E-0103-4652-A0DC-AF2A58FBABF9}.Release|Any CPU.ActiveCfg = Release|Any CPU
		{803ED676-D262-4F63-A039-1063F54E9CEA}.Debug|Any CPU.ActiveCfg = Release|Any CPU
		{803ED676-D262-4F63-A039-1063F54E9CEA}.Debug|Any CPU.Build.0 = Release|Any CPU
		{803ED676-D262-4F63-A039-1063F54E9CEA}.Release|Any CPU.ActiveCfg = Release|Any CPU
		{803ED676-D262-4F63-A039-1063F54E9CEA}.Release|Any CPU.Build.0 = Release|Any CPU
		{A3AA5A98-0547-40FB-BA22-F17B0C5DA164}.Debug|Any CPU.ActiveCfg = Release|Any CPU
		{A3AA5A98-0547-40FB-BA22-F17B0C5DA164}.Debug|Any CPU.Build.0 = Release|Any CPU
		{A3AA5A98-0547-40FB-BA22-F17B0C5DA164}.Release|Any CPU.ActiveCfg = Release|Any CPU
		{A3AA5A98-0547-40FB-BA22-F17B0C5DA164}.Release|Any CPU.Build.0 = Release|Any CPU
	EndGlobalSection
	GlobalSection(SolutionProperties) = preSolution
		HideSolutionNode = FALSE
	EndGlobalSection
EndGlobal
